# This file is automatically @generated by Cargo.
# It is not intended for manual editing.
version = 4

[[package]]
name = "vfi-analyze"
version = "0.1.0"

[[package]]
name = "vfi-fetch"
version = "0.1.0"

[[package]]
name = "vfi-normalize"
version = "0.1.0"

[[package]]
name = "vfi-store"
version = "0.1.0"
